
Microsoft Visual Studio Solution File, Format Version 12.00
# Visual Studio 15
VisualStudioVersion = 15.0.28307.271
MinimumVisualStudioVersion = 10.0.40219.1
Project("{FAE04EC0-301F-11D3-BF4B-00C04F79EFBC}") = "Assignment_01", "Assignment_01\Assignment_01.csproj", "{D53E39DE-72F0-4FC1-A29C-C55292C515EF}"
EndProject
Global
	GlobalSection(SolutionConfigurationPlatforms) = preSolution
		Debug|Any CPU = Debug|Any CPU
		Release|Any CPU = Release|Any CPU
	EndGlobalSection
	GlobalSection(ProjectConfigurationPlatforms) = postSolution
		{D53E39DE-72F0-4FC1-A29C-C55292C515EF}.Debug|Any CPU.ActiveCfg = Debug|Any CPU
		{D53E39DE-72F0-4FC1-A29C-C55292C515EF}.Debug|Any CPU.Build.0 = Debug|Any CPU
		{D53E39DE-72F0-4FC1-A29C-C55292C515EF}.Release|Any CPU.ActiveCfg = Release|Any CPU
		{D53E39DE-72F0-4FC1-A29C-C55292C515EF}.Release|Any CPU.Build.0 = Release|Any CPU
	EndGlobalSection
	GlobalSection(SolutionProperties) = preSolution
		HideSolutionNode = FALSE
	EndGlobalSection
	GlobalSection(ExtensibilityGlobals) = postSolution
		SolutionGuid = {182D3BB2-2BF8-469F-B168-E84E34651615}
	EndGlobalSection
EndGlobal
